
Microsoft Visual Studio Solution File, Format Version 12.00
# Visual Studio Version 16
VisualStudioVersion = 16.0.32106.194
MinimumVisualStudioVersion = 10.0.40219.1
Project("{FAE04EC0-301F-11D3-BF4B-00C04F79EFBC}") = "Punto-V5", "Punto-V5.csproj", "{4F3007A2-57F4-4267-86DB-7E21C21B8972}"
EndProject
Project("{FAE04EC0-301F-11D3-BF4B-00C04F79EFBC}") = "MiLibreria", "..\MiLibreria\MiLibreria.csproj", "{44B0C965-9CE0-49AA-AC12-87DC15CE87D4}"
EndProject
Global
	GlobalSection(SolutionConfigurationPlatforms) = preSolution
		Debug|Any CPU = Debug|Any CPU
		Release|Any CPU = Release|Any CPU
	EndGlobalSection
	GlobalSection(ProjectConfigurationPlatforms) = postSolution
		{4F3007A2-57F4-4267-86DB-7E21C21B8972}.Debug|Any CPU.ActiveCfg = Debug|Any CPU
		{4F3007A2-57F4-4267-86DB-7E21C21B8972}.Debug|Any CPU.Build.0 = Debug|Any CPU
		{4F3007A2-57F4-4267-86DB-7E21C21B8972}.Release|Any CPU.ActiveCfg = Release|Any CPU
		{4F3007A2-57F4-4267-86DB-7E21C21B8972}.Release|Any CPU.Build.0 = Release|Any CPU
		{44B0C965-9CE0-49AA-AC12-87DC15CE87D4}.Debug|Any CPU.ActiveCfg = Debug|Any CPU
		{44B0C965-9CE0-49AA-AC12-87DC15CE87D4}.Debug|Any CPU.Build.0 = Debug|Any CPU
		{44B0C965-9CE0-49AA-AC12-87DC15CE87D4}.Release|Any CPU.ActiveCfg = Release|Any CPU
		{44B0C965-9CE0-49AA-AC12-87DC15CE87D4}.Release|Any CPU.Build.0 = Release|Any CPU
	EndGlobalSection
	GlobalSection(SolutionProperties) = preSolution
		HideSolutionNode = FALSE
	EndGlobalSection
	GlobalSection(ExtensibilityGlobals) = postSolution
		SolutionGuid = {A901C452-CD89-47FD-B052-A997BC56FD39}
	EndGlobalSection
EndGlobal
